
Microsoft Visual Studio Solution File, Format Version 12.00
# Visual Studio Version 17
VisualStudioVersion = 17.7.34024.191
MinimumVisualStudioVersion = 10.0.40219.1
Project("{9A19103F-16F7-4668-BE54-9A1E7A4F7556}") = "DirittiUmaniUnioneEuropea", "DirittiUmaniUnioneEuropea.csproj", "{7D8E476C-BA76-4839-87EE-95E77FA239EF}"
EndProject
Global
	GlobalSection(SolutionConfigurationPlatforms) = preSolution
		Debug|Any CPU = Debug|Any CPU
		Release|Any CPU = Release|Any CPU
	EndGlobalSection
	GlobalSection(ProjectConfigurationPlatforms) = postSolution
		{7D8E476C-BA76-4839-87EE-95E77FA239EF}.Debug|Any CPU.ActiveCfg = Debug|Any CPU
		{7D8E476C-BA76-4839-87EE-95E77FA239EF}.Debug|Any CPU.Build.0 = Debug|Any CPU
		{7D8E476C-BA76-4839-87EE-95E77FA239EF}.Release|Any CPU.ActiveCfg = Release|Any CPU
		{7D8E476C-BA76-4839-87EE-95E77FA239EF}.Release|Any CPU.Build.0 = Release|Any CPU
	EndGlobalSection
	GlobalSection(SolutionProperties) = preSolution
		HideSolutionNode = FALSE
	EndGlobalSection
	GlobalSection(ExtensibilityGlobals) = postSolution
		SolutionGuid = {E3554FF3-53A7-4F62-84CE-24D8A80E5981}
	EndGlobalSection
EndGlobal
